
Microsoft Visual Studio Solution File, Format Version 12.00
# Visual Studio Version 16
VisualStudioVersion = 16.0.29806.167
MinimumVisualStudioVersion = 10.0.40219.1
Project("{FAE04EC0-301F-11D3-BF4B-00C04F79EFBC}") = "Tarea2", "Tarea2\Tarea2.csproj", "{D59D6FA9-57B5-40BB-A416-BDC2F650E3DF}"
EndProject
Global
	GlobalSection(SolutionConfigurationPlatforms) = preSolution
		Debug|Any CPU = Debug|Any CPU
		Release|Any CPU = Release|Any CPU
	EndGlobalSection
	GlobalSection(ProjectConfigurationPlatforms) = postSolution
		{D59D6FA9-57B5-40BB-A416-BDC2F650E3DF}.Debug|Any CPU.ActiveCfg = Debug|Any CPU
		{D59D6FA9-57B5-40BB-A416-BDC2F650E3DF}.Debug|Any CPU.Build.0 = Debug|Any CPU
		{D59D6FA9-57B5-40BB-A416-BDC2F650E3DF}.Release|Any CPU.ActiveCfg = Release|Any CPU
		{D59D6FA9-57B5-40BB-A416-BDC2F650E3DF}.Release|Any CPU.Build.0 = Release|Any CPU
	EndGlobalSection
	GlobalSection(SolutionProperties) = preSolution
		HideSolutionNode = FALSE
	EndGlobalSection
	GlobalSection(ExtensibilityGlobals) = postSolution
		SolutionGuid = {33736200-8DC4-4C7F-80BC-C30F187EC303}
	EndGlobalSection
EndGlobal
